
Microsoft Visual Studio Solution File, Format Version 12.00
# Visual Studio Version 16
VisualStudioVersion = 16.0.31624.102
MinimumVisualStudioVersion = 10.0.40219.1
Project("{FAE04EC0-301F-11D3-BF4B-00C04F79EFBC}") = "FirstCore", "FirstCore\FirstCore.csproj", "{DBF70EE7-32F8-486E-BA20-AEE85894C094}"
EndProject
Global
	GlobalSection(SolutionConfigurationPlatforms) = preSolution
		Debug|Any CPU = Debug|Any CPU
		Release|Any CPU = Release|Any CPU
	EndGlobalSection
	GlobalSection(ProjectConfigurationPlatforms) = postSolution
		{DBF70EE7-32F8-486E-BA20-AEE85894C094}.Debug|Any CPU.ActiveCfg = Debug|Any CPU
		{DBF70EE7-32F8-486E-BA20-AEE85894C094}.Debug|Any CPU.Build.0 = Debug|Any CPU
		{DBF70EE7-32F8-486E-BA20-AEE85894C094}.Release|Any CPU.ActiveCfg = Release|Any CPU
		{DBF70EE7-32F8-486E-BA20-AEE85894C094}.Release|Any CPU.Build.0 = Release|Any CPU
	EndGlobalSection
	GlobalSection(SolutionProperties) = preSolution
		HideSolutionNode = FALSE
	EndGlobalSection
	GlobalSection(ExtensibilityGlobals) = postSolution
		SolutionGuid = {487B8C86-F73F-4749-8975-24993531FA46}
	EndGlobalSection
EndGlobal
